
Microsoft Visual Studio Solution File, Format Version 12.00
# Visual Studio Version 17
VisualStudioVersion = 17.8.34525.116
MinimumVisualStudioVersion = 10.0.40219.1
Project("{FAE04EC0-301F-11D3-BF4B-00C04F79EFBC}") = "WindowsFormsApp2", "WindowsFormsApp2\WindowsFormsApp2.csproj", "{45D2CCDD-F0E9-4B46-9C3E-832FAFEEB075}"
EndProject
Global
	GlobalSection(SolutionConfigurationPlatforms) = preSolution
		Debug|Any CPU = Debug|Any CPU
		Release|Any CPU = Release|Any CPU
	EndGlobalSection
	GlobalSection(ProjectConfigurationPlatforms) = postSolution
		{45D2CCDD-F0E9-4B46-9C3E-832FAFEEB075}.Debug|Any CPU.ActiveCfg = Debug|Any CPU
		{45D2CCDD-F0E9-4B46-9C3E-832FAFEEB075}.Debug|Any CPU.Build.0 = Debug|Any CPU
		{45D2CCDD-F0E9-4B46-9C3E-832FAFEEB075}.Release|Any CPU.ActiveCfg = Release|Any CPU
		{45D2CCDD-F0E9-4B46-9C3E-832FAFEEB075}.Release|Any CPU.Build.0 = Release|Any CPU
	EndGlobalSection
	GlobalSection(SolutionProperties) = preSolution
		HideSolutionNode = FALSE
	EndGlobalSection
	GlobalSection(ExtensibilityGlobals) = postSolution
		SolutionGuid = {3EFFA115-99C3-4065-B53F-66229A8401EA}
	EndGlobalSection
EndGlobal
